
Microsoft Visual Studio Solution File, Format Version 12.00
# Visual Studio 15
VisualStudioVersion = 15.0.28010.2046
MinimumVisualStudioVersion = 10.0.40219.1
Project("{FAE04EC0-301F-11D3-BF4B-00C04F79EFBC}") = "NEAT", "NEAT\NEAT.csproj", "{A8F3284B-B585-4500-9B0B-27733B78C012}"
EndProject
Project("{FAE04EC0-301F-11D3-BF4B-00C04F79EFBC}") = "MAIN", "MAIN\MAIN.csproj", "{436AE79E-291B-4B0A-ACFB-652769900FCE}"
EndProject
Global
	GlobalSection(SolutionConfigurationPlatforms) = preSolution
		Debug|Any CPU = Debug|Any CPU
		Release|Any CPU = Release|Any CPU
	EndGlobalSection
	GlobalSection(ProjectConfigurationPlatforms) = postSolution
		{A8F3284B-B585-4500-9B0B-27733B78C012}.Debug|Any CPU.ActiveCfg = Debug|Any CPU
		{A8F3284B-B585-4500-9B0B-27733B78C012}.Debug|Any CPU.Build.0 = Debug|Any CPU
		{A8F3284B-B585-4500-9B0B-27733B78C012}.Release|Any CPU.ActiveCfg = Release|Any CPU
		{A8F3284B-B585-4500-9B0B-27733B78C012}.Release|Any CPU.Build.0 = Release|Any CPU
		{436AE79E-291B-4B0A-ACFB-652769900FCE}.Debug|Any CPU.ActiveCfg = Debug|Any CPU
		{436AE79E-291B-4B0A-ACFB-652769900FCE}.Debug|Any CPU.Build.0 = Debug|Any CPU
		{436AE79E-291B-4B0A-ACFB-652769900FCE}.Release|Any CPU.ActiveCfg = Release|Any CPU
		{436AE79E-291B-4B0A-ACFB-652769900FCE}.Release|Any CPU.Build.0 = Release|Any CPU
	EndGlobalSection
	GlobalSection(SolutionProperties) = preSolution
		HideSolutionNode = FALSE
	EndGlobalSection
	GlobalSection(ExtensibilityGlobals) = postSolution
		SolutionGuid = {5AAC8AC6-FD9A-4DB9-AA06-1CD688AE342F}
	EndGlobalSection
EndGlobal
